
Microsoft Visual Studio Solution File, Format Version 12.00
# Visual Studio Version 17
VisualStudioVersion = 17.6.33801.468
MinimumVisualStudioVersion = 10.0.40219.1
Project("{9A19103F-16F7-4668-BE54-9A1E7A4F7556}") = "Shafin-PipeLine-Demo", "Shafin-PipeLine-Demo.csproj", "{355317A0-1373-4E94-86D7-CF7A64A0B2F3}"
EndProject
Project("{FAE04EC0-301F-11D3-BF4B-00C04F79EFBC}") = "TestProject1", "TestProject1\TestProject1.csproj", "{90EE4B36-E864-4C7E-A4C4-37A1357F4077}"
EndProject
Global
	GlobalSection(SolutionConfigurationPlatforms) = preSolution
		Debug|Any CPU = Debug|Any CPU
		Release|Any CPU = Release|Any CPU
	EndGlobalSection
	GlobalSection(ProjectConfigurationPlatforms) = postSolution
		{355317A0-1373-4E94-86D7-CF7A64A0B2F3}.Debug|Any CPU.ActiveCfg = Debug|Any CPU
		{355317A0-1373-4E94-86D7-CF7A64A0B2F3}.Debug|Any CPU.Build.0 = Debug|Any CPU
		{355317A0-1373-4E94-86D7-CF7A64A0B2F3}.Release|Any CPU.ActiveCfg = Release|Any CPU
		{355317A0-1373-4E94-86D7-CF7A64A0B2F3}.Release|Any CPU.Build.0 = Release|Any CPU
		{90EE4B36-E864-4C7E-A4C4-37A1357F4077}.Debug|Any CPU.ActiveCfg = Debug|Any CPU
		{90EE4B36-E864-4C7E-A4C4-37A1357F4077}.Debug|Any CPU.Build.0 = Debug|Any CPU
		{90EE4B36-E864-4C7E-A4C4-37A1357F4077}.Release|Any CPU.ActiveCfg = Release|Any CPU
		{90EE4B36-E864-4C7E-A4C4-37A1357F4077}.Release|Any CPU.Build.0 = Release|Any CPU
	EndGlobalSection
	GlobalSection(SolutionProperties) = preSolution
		HideSolutionNode = FALSE
	EndGlobalSection
	GlobalSection(ExtensibilityGlobals) = postSolution
		SolutionGuid = {47428960-4FA4-46FF-A820-E88FB4EB8B6B}
	EndGlobalSection
EndGlobal
